
Microsoft Visual Studio Solution File, Format Version 10.00
# Visual Studio 2008
Project("{FAE04EC0-301F-11D3-BF4B-00C04F79EFBC}") = "TuTru", "TuTru\TuTru.csproj", "{42A4831D-9C44-4509-A655-18335357B671}"
EndProject
Project("{FAE04EC0-301F-11D3-BF4B-00C04F79EFBC}") = "QueKinhDich", "QueKinhDich\QueKinhDich.csproj", "{911262F6-CF2C-4D4D-8BEB-38C0C34786B4}"
EndProject
Project("{54435603-DBB4-11D2-8724-00A0C9A8B90C}") = "QIChingSetup", "QIChingSetup\QIChingSetup.vdproj", "{A81821F3-7D37-4F0C-9E4B-44B8BE7822B3}"
EndProject
Global
	GlobalSection(SolutionConfigurationPlatforms) = preSolution
		Debug|Any CPU = Debug|Any CPU
		Release|Any CPU = Release|Any CPU
	EndGlobalSection
	GlobalSection(ProjectConfigurationPlatforms) = postSolution
		{42A4831D-9C44-4509-A655-18335357B671}.Debug|Any CPU.ActiveCfg = Debug|Any CPU
		{42A4831D-9C44-4509-A655-18335357B671}.Debug|Any CPU.Build.0 = Debug|Any CPU
		{42A4831D-9C44-4509-A655-18335357B671}.Release|Any CPU.ActiveCfg = Release|Any CPU
		{42A4831D-9C44-4509-A655-18335357B671}.Release|Any CPU.Build.0 = Release|Any CPU
		{911262F6-CF2C-4D4D-8BEB-38C0C34786B4}.Debug|Any CPU.ActiveCfg = Debug|Any CPU
		{911262F6-CF2C-4D4D-8BEB-38C0C34786B4}.Debug|Any CPU.Build.0 = Debug|Any CPU
		{911262F6-CF2C-4D4D-8BEB-38C0C34786B4}.Release|Any CPU.ActiveCfg = Release|Any CPU
		{911262F6-CF2C-4D4D-8BEB-38C0C34786B4}.Release|Any CPU.Build.0 = Release|Any CPU
		{A81821F3-7D37-4F0C-9E4B-44B8BE7822B3}.Debug|Any CPU.ActiveCfg = Debug
		{A81821F3-7D37-4F0C-9E4B-44B8BE7822B3}.Debug|Any CPU.Build.0 = Debug
		{A81821F3-7D37-4F0C-9E4B-44B8BE7822B3}.Release|Any CPU.ActiveCfg = Release
		{A81821F3-7D37-4F0C-9E4B-44B8BE7822B3}.Release|Any CPU.Build.0 = Release
	EndGlobalSection
	GlobalSection(SolutionProperties) = preSolution
		HideSolutionNode = FALSE
	EndGlobalSection
EndGlobal
